
Microsoft Visual Studio Solution File, Format Version 12.00
# Visual Studio Version 16
VisualStudioVersion = 16.0.31624.102
MinimumVisualStudioVersion = 10.0.40219.1
Project("{FAE04EC0-301F-11D3-BF4B-00C04F79EFBC}") = "RoshamboDotNet", "RoshamboDotNet.csproj", "{4CAA67B8-3C01-489A-836A-AB2752AD4FF1}"
EndProject
Global
	GlobalSection(SolutionConfigurationPlatforms) = preSolution
		Debug|Any CPU = Debug|Any CPU
		Release|Any CPU = Release|Any CPU
	EndGlobalSection
	GlobalSection(ProjectConfigurationPlatforms) = postSolution
		{4CAA67B8-3C01-489A-836A-AB2752AD4FF1}.Debug|Any CPU.ActiveCfg = Debug|Any CPU
		{4CAA67B8-3C01-489A-836A-AB2752AD4FF1}.Debug|Any CPU.Build.0 = Debug|Any CPU
		{4CAA67B8-3C01-489A-836A-AB2752AD4FF1}.Release|Any CPU.ActiveCfg = Release|Any CPU
		{4CAA67B8-3C01-489A-836A-AB2752AD4FF1}.Release|Any CPU.Build.0 = Release|Any CPU
	EndGlobalSection
	GlobalSection(SolutionProperties) = preSolution
		HideSolutionNode = FALSE
	EndGlobalSection
	GlobalSection(ExtensibilityGlobals) = postSolution
		SolutionGuid = {2928A752-435C-4BF6-AC00-0CA494E40C44}
	EndGlobalSection
EndGlobal
